
Microsoft Visual Studio Solution File, Format Version 11.00
# Visual C# Express 2010
Project("{FAE04EC0-301F-11D3-BF4B-00C04F79EFBC}") = "Patchlunky", "Patchlunky\Patchlunky.csproj", "{5E17572A-7040-4BAB-8307-D90CB70C68D2}"
EndProject
Project("{FAE04EC0-301F-11D3-BF4B-00C04F79EFBC}") = "SpelunkyWad", "SpelunkyWad\SpelunkyWad.csproj", "{EE40FD36-3B3E-4926-BB41-832FE6F69B8C}"
EndProject
Global
	GlobalSection(SolutionConfigurationPlatforms) = preSolution
		Debug|Any CPU = Debug|Any CPU
		Debug|Mixed Platforms = Debug|Mixed Platforms
		Debug|x86 = Debug|x86
		Release|Any CPU = Release|Any CPU
		Release|Mixed Platforms = Release|Mixed Platforms
		Release|x86 = Release|x86
	EndGlobalSection
	GlobalSection(ProjectConfigurationPlatforms) = postSolution
		{5E17572A-7040-4BAB-8307-D90CB70C68D2}.Debug|Any CPU.ActiveCfg = Debug|x86
		{5E17572A-7040-4BAB-8307-D90CB70C68D2}.Debug|Mixed Platforms.ActiveCfg = Debug|x86
		{5E17572A-7040-4BAB-8307-D90CB70C68D2}.Debug|Mixed Platforms.Build.0 = Debug|x86
		{5E17572A-7040-4BAB-8307-D90CB70C68D2}.Debug|x86.ActiveCfg = Debug|x86
		{5E17572A-7040-4BAB-8307-D90CB70C68D2}.Debug|x86.Build.0 = Debug|x86
		{5E17572A-7040-4BAB-8307-D90CB70C68D2}.Release|Any CPU.ActiveCfg = Release|x86
		{5E17572A-7040-4BAB-8307-D90CB70C68D2}.Release|Mixed Platforms.ActiveCfg = Release|x86
		{5E17572A-7040-4BAB-8307-D90CB70C68D2}.Release|Mixed Platforms.Build.0 = Release|x86
		{5E17572A-7040-4BAB-8307-D90CB70C68D2}.Release|x86.ActiveCfg = Release|x86
		{5E17572A-7040-4BAB-8307-D90CB70C68D2}.Release|x86.Build.0 = Release|x86
		{EE40FD36-3B3E-4926-BB41-832FE6F69B8C}.Debug|Any CPU.ActiveCfg = Debug|Any CPU
		{EE40FD36-3B3E-4926-BB41-832FE6F69B8C}.Debug|Any CPU.Build.0 = Debug|Any CPU
		{EE40FD36-3B3E-4926-BB41-832FE6F69B8C}.Debug|Mixed Platforms.ActiveCfg = Debug|Any CPU
		{EE40FD36-3B3E-4926-BB41-832FE6F69B8C}.Debug|Mixed Platforms.Build.0 = Debug|Any CPU
		{EE40FD36-3B3E-4926-BB41-832FE6F69B8C}.Debug|x86.ActiveCfg = Debug|Any CPU
		{EE40FD36-3B3E-4926-BB41-832FE6F69B8C}.Release|Any CPU.ActiveCfg = Release|Any CPU
		{EE40FD36-3B3E-4926-BB41-832FE6F69B8C}.Release|Any CPU.Build.0 = Release|Any CPU
		{EE40FD36-3B3E-4926-BB41-832FE6F69B8C}.Release|Mixed Platforms.ActiveCfg = Release|Any CPU
		{EE40FD36-3B3E-4926-BB41-832FE6F69B8C}.Release|Mixed Platforms.Build.0 = Release|Any CPU
		{EE40FD36-3B3E-4926-BB41-832FE6F69B8C}.Release|x86.ActiveCfg = Release|Any CPU
	EndGlobalSection
	GlobalSection(SolutionProperties) = preSolution
		HideSolutionNode = FALSE
	EndGlobalSection
EndGlobal
